
Microsoft Visual Studio Solution File, Format Version 12.00
# Visual Studio Version 16
VisualStudioVersion = 16.0.30204.135
MinimumVisualStudioVersion = 10.0.40219.1
Project("{FAE04EC0-301F-11D3-BF4B-00C04F79EFBC}") = "Ejercicio 3", "Ejercicio 3.csproj", "{197251B5-AA4D-4A91-8B60-C4F0B3BEC01D}"
EndProject
Global
	GlobalSection(SolutionConfigurationPlatforms) = preSolution
		Debug|Any CPU = Debug|Any CPU
		Release|Any CPU = Release|Any CPU
	EndGlobalSection
	GlobalSection(ProjectConfigurationPlatforms) = postSolution
		{197251B5-AA4D-4A91-8B60-C4F0B3BEC01D}.Debug|Any CPU.ActiveCfg = Debug|Any CPU
		{197251B5-AA4D-4A91-8B60-C4F0B3BEC01D}.Debug|Any CPU.Build.0 = Debug|Any CPU
		{197251B5-AA4D-4A91-8B60-C4F0B3BEC01D}.Release|Any CPU.ActiveCfg = Release|Any CPU
		{197251B5-AA4D-4A91-8B60-C4F0B3BEC01D}.Release|Any CPU.Build.0 = Release|Any CPU
	EndGlobalSection
	GlobalSection(SolutionProperties) = preSolution
		HideSolutionNode = FALSE
	EndGlobalSection
	GlobalSection(ExtensibilityGlobals) = postSolution
		SolutionGuid = {7B1104D8-7911-4CC8-9B7C-FC14FADEE4C4}
	EndGlobalSection
EndGlobal
